
Microsoft Visual Studio Solution File, Format Version 12.00
# Visual Studio Version 17
VisualStudioVersion = 17.7.34024.191
MinimumVisualStudioVersion = 10.0.40219.1
Project("{FAE04EC0-301F-11D3-BF4B-00C04F79EFBC}") = "Logarytmy", "Logarytmy\Logarytmy.csproj", "{6B917D25-9C8F-478B-8D62-39B2BE400A49}"
EndProject
Global
	GlobalSection(SolutionConfigurationPlatforms) = preSolution
		Debug|Any CPU = Debug|Any CPU
		Release|Any CPU = Release|Any CPU
	EndGlobalSection
	GlobalSection(ProjectConfigurationPlatforms) = postSolution
		{6B917D25-9C8F-478B-8D62-39B2BE400A49}.Debug|Any CPU.ActiveCfg = Debug|Any CPU
		{6B917D25-9C8F-478B-8D62-39B2BE400A49}.Debug|Any CPU.Build.0 = Debug|Any CPU
		{6B917D25-9C8F-478B-8D62-39B2BE400A49}.Release|Any CPU.ActiveCfg = Release|Any CPU
		{6B917D25-9C8F-478B-8D62-39B2BE400A49}.Release|Any CPU.Build.0 = Release|Any CPU
	EndGlobalSection
	GlobalSection(SolutionProperties) = preSolution
		HideSolutionNode = FALSE
	EndGlobalSection
	GlobalSection(ExtensibilityGlobals) = postSolution
		SolutionGuid = {B37EECD4-B5B2-4FA2-9E33-40A41551FCDC}
	EndGlobalSection
EndGlobal
